
Microsoft Visual Studio Solution File, Format Version 12.00
# Visual Studio 15
VisualStudioVersion = 15.0.27428.2037
MinimumVisualStudioVersion = 10.0.40219.1
Project("{FAE04EC0-301F-11D3-BF4B-00C04F79EFBC}") = "MangaDBGenerator", "MangaDBGenerator\MangaDBGenerator.csproj", "{98A597F1-3A06-4D22-A0AB-B7AC33DCD592}"
EndProject
Global
	GlobalSection(SolutionConfigurationPlatforms) = preSolution
		Debug|Any CPU = Debug|Any CPU
		Release|Any CPU = Release|Any CPU
	EndGlobalSection
	GlobalSection(ProjectConfigurationPlatforms) = postSolution
		{98A597F1-3A06-4D22-A0AB-B7AC33DCD592}.Debug|Any CPU.ActiveCfg = Debug|Any CPU
		{98A597F1-3A06-4D22-A0AB-B7AC33DCD592}.Debug|Any CPU.Build.0 = Debug|Any CPU
		{98A597F1-3A06-4D22-A0AB-B7AC33DCD592}.Release|Any CPU.ActiveCfg = Release|Any CPU
		{98A597F1-3A06-4D22-A0AB-B7AC33DCD592}.Release|Any CPU.Build.0 = Release|Any CPU
	EndGlobalSection
	GlobalSection(SolutionProperties) = preSolution
		HideSolutionNode = FALSE
	EndGlobalSection
	GlobalSection(ExtensibilityGlobals) = postSolution
		SolutionGuid = {8535E718-F103-4DF0-9E48-0D979306D35B}
	EndGlobalSection
EndGlobal
