
Microsoft Visual Studio Solution File, Format Version 12.00
# Visual Studio 15
VisualStudioVersion = 15.0.28307.136
MinimumVisualStudioVersion = 10.0.40219.1
Project("{00D1A9C2-B5F0-4AF3-8072-F6C62B433612}") = "Lab04", "Lab04\Lab04.sqlproj", "{FCA722D3-C92B-4351-BD94-E138B6E0DA4D}"
EndProject
Global
	GlobalSection(SolutionConfigurationPlatforms) = preSolution
		Debug|Any CPU = Debug|Any CPU
		Release|Any CPU = Release|Any CPU
	EndGlobalSection
	GlobalSection(ProjectConfigurationPlatforms) = postSolution
		{FCA722D3-C92B-4351-BD94-E138B6E0DA4D}.Debug|Any CPU.ActiveCfg = Debug|Any CPU
		{FCA722D3-C92B-4351-BD94-E138B6E0DA4D}.Debug|Any CPU.Build.0 = Debug|Any CPU
		{FCA722D3-C92B-4351-BD94-E138B6E0DA4D}.Debug|Any CPU.Deploy.0 = Debug|Any CPU
		{FCA722D3-C92B-4351-BD94-E138B6E0DA4D}.Release|Any CPU.ActiveCfg = Release|Any CPU
		{FCA722D3-C92B-4351-BD94-E138B6E0DA4D}.Release|Any CPU.Build.0 = Release|Any CPU
		{FCA722D3-C92B-4351-BD94-E138B6E0DA4D}.Release|Any CPU.Deploy.0 = Release|Any CPU
	EndGlobalSection
	GlobalSection(SolutionProperties) = preSolution
		HideSolutionNode = FALSE
	EndGlobalSection
	GlobalSection(ExtensibilityGlobals) = postSolution
		SolutionGuid = {179F933C-044A-4B68-9B9A-FD2747636851}
	EndGlobalSection
EndGlobal
